
Microsoft Visual Studio Solution File, Format Version 12.00
# Visual Studio Version 17
VisualStudioVersion = 17.0.31903.59
MinimumVisualStudioVersion = 10.0.40219.1
Project("{2150E333-8FDC-42A3-9474-1A3956D46DE8}") = "Solution", "Solution", "{284B0C48-6525-F3F5-CD5D-7841BD44174A}"
EndProject
Project("{FAE04EC0-301F-11D3-BF4B-00C04F79EFBC}") = "GameCore.Core", "Solution\GameCore.Core\GameCore.Core.csproj", "{28EADABC-72CC-4BB6-9965-AB5C8A600FE9}"
EndProject
Project("{FAE04EC0-301F-11D3-BF4B-00C04F79EFBC}") = "GameCore.Unity", "Solution\GameCore.Unity\GameCore.Unity.csproj", "{87BE382D-8CFB-458C-9E44-2B988525DE6E}"
EndProject
Project("{FAE04EC0-301F-11D3-BF4B-00C04F79EFBC}") = "GameCore.Godot", "Solution\GameCore.Godot\GameCore.Godot.csproj", "{21AEBF46-FAA8-4434-A843-6EBC874739C7}"
EndProject
Project("{FAE04EC0-301F-11D3-BF4B-00C04F79EFBC}") = "GameCore.Tests", "Solution\GameCore.Tests\GameCore.Tests.csproj", "{E1D19DB7-2D9D-4399-B917-78E4126F47D7}"
EndProject
Global
	GlobalSection(SolutionConfigurationPlatforms) = preSolution
		Debug|Any CPU = Debug|Any CPU
		Debug|x64 = Debug|x64
		Debug|x86 = Debug|x86
		Release|Any CPU = Release|Any CPU
		Release|x64 = Release|x64
		Release|x86 = Release|x86
	EndGlobalSection
	GlobalSection(ProjectConfigurationPlatforms) = postSolution
		{28EADABC-72CC-4BB6-9965-AB5C8A600FE9}.Debug|Any CPU.ActiveCfg = Debug|Any CPU
		{28EADABC-72CC-4BB6-9965-AB5C8A600FE9}.Debug|Any CPU.Build.0 = Debug|Any CPU
		{28EADABC-72CC-4BB6-9965-AB5C8A600FE9}.Debug|x64.ActiveCfg = Debug|Any CPU
		{28EADABC-72CC-4BB6-9965-AB5C8A600FE9}.Debug|x64.Build.0 = Debug|Any CPU
		{28EADABC-72CC-4BB6-9965-AB5C8A600FE9}.Debug|x86.ActiveCfg = Debug|Any CPU
		{28EADABC-72CC-4BB6-9965-AB5C8A600FE9}.Debug|x86.Build.0 = Debug|Any CPU
		{28EADABC-72CC-4BB6-9965-AB5C8A600FE9}.Release|Any CPU.ActiveCfg = Release|Any CPU
		{28EADABC-72CC-4BB6-9965-AB5C8A600FE9}.Release|Any CPU.Build.0 = Release|Any CPU
		{28EADABC-72CC-4BB6-9965-AB5C8A600FE9}.Release|x64.ActiveCfg = Release|Any CPU
		{28EADABC-72CC-4BB6-9965-AB5C8A600FE9}.Release|x64.Build.0 = Release|Any CPU
		{28EADABC-72CC-4BB6-9965-AB5C8A600FE9}.Release|x86.ActiveCfg = Release|Any CPU
		{28EADABC-72CC-4BB6-9965-AB5C8A600FE9}.Release|x86.Build.0 = Release|Any CPU
		{87BE382D-8CFB-458C-9E44-2B988525DE6E}.Debug|Any CPU.ActiveCfg = Debug|Any CPU
		{87BE382D-8CFB-458C-9E44-2B988525DE6E}.Debug|Any CPU.Build.0 = Debug|Any CPU
		{87BE382D-8CFB-458C-9E44-2B988525DE6E}.Debug|x64.ActiveCfg = Debug|Any CPU
		{87BE382D-8CFB-458C-9E44-2B988525DE6E}.Debug|x64.Build.0 = Debug|Any CPU
		{87BE382D-8CFB-458C-9E44-2B988525DE6E}.Debug|x86.ActiveCfg = Debug|Any CPU
		{87BE382D-8CFB-458C-9E44-2B988525DE6E}.Debug|x86.Build.0 = Debug|Any CPU
		{87BE382D-8CFB-458C-9E44-2B988525DE6E}.Release|Any CPU.ActiveCfg = Release|Any CPU
		{87BE382D-8CFB-458C-9E44-2B988525DE6E}.Release|Any CPU.Build.0 = Release|Any CPU
		{87BE382D-8CFB-458C-9E44-2B988525DE6E}.Release|x64.ActiveCfg = Release|Any CPU
		{87BE382D-8CFB-458C-9E44-2B988525DE6E}.Release|x64.Build.0 = Release|Any CPU
		{87BE382D-8CFB-458C-9E44-2B988525DE6E}.Release|x86.ActiveCfg = Release|Any CPU
		{87BE382D-8CFB-458C-9E44-2B988525DE6E}.Release|x86.Build.0 = Release|Any CPU
		{21AEBF46-FAA8-4434-A843-6EBC874739C7}.Debug|Any CPU.ActiveCfg = Debug|Any CPU
		{21AEBF46-FAA8-4434-A843-6EBC874739C7}.Debug|Any CPU.Build.0 = Debug|Any CPU
		{21AEBF46-FAA8-4434-A843-6EBC874739C7}.Debug|x64.ActiveCfg = Debug|Any CPU
		{21AEBF46-FAA8-4434-A843-6EBC874739C7}.Debug|x64.Build.0 = Debug|Any CPU
		{21AEBF46-FAA8-4434-A843-6EBC874739C7}.Debug|x86.ActiveCfg = Debug|Any CPU
		{21AEBF46-FAA8-4434-A843-6EBC874739C7}.Debug|x86.Build.0 = Debug|Any CPU
		{21AEBF46-FAA8-4434-A843-6EBC874739C7}.Release|Any CPU.ActiveCfg = Release|Any CPU
		{21AEBF46-FAA8-4434-A843-6EBC874739C7}.Release|Any CPU.Build.0 = Release|Any CPU
		{21AEBF46-FAA8-4434-A843-6EBC874739C7}.Release|x64.ActiveCfg = Release|Any CPU
		{21AEBF46-FAA8-4434-A843-6EBC874739C7}.Release|x64.Build.0 = Release|Any CPU
		{21AEBF46-FAA8-4434-A843-6EBC874739C7}.Release|x86.ActiveCfg = Release|Any CPU
		{21AEBF46-FAA8-4434-A843-6EBC874739C7}.Release|x86.Build.0 = Release|Any CPU
		{E1D19DB7-2D9D-4399-B917-78E4126F47D7}.Debug|Any CPU.ActiveCfg = Debug|Any CPU
		{E1D19DB7-2D9D-4399-B917-78E4126F47D7}.Debug|Any CPU.Build.0 = Debug|Any CPU
		{E1D19DB7-2D9D-4399-B917-78E4126F47D7}.Debug|x64.ActiveCfg = Debug|Any CPU
		{E1D19DB7-2D9D-4399-B917-78E4126F47D7}.Debug|x64.Build.0 = Debug|Any CPU
		{E1D19DB7-2D9D-4399-B917-78E4126F47D7}.Debug|x86.ActiveCfg = Debug|Any CPU
		{E1D19DB7-2D9D-4399-B917-78E4126F47D7}.Debug|x86.Build.0 = Debug|Any CPU
		{E1D19DB7-2D9D-4399-B917-78E4126F47D7}.Release|Any CPU.ActiveCfg = Release|Any CPU
		{E1D19DB7-2D9D-4399-B917-78E4126F47D7}.Release|Any CPU.Build.0 = Release|Any CPU
		{E1D19DB7-2D9D-4399-B917-78E4126F47D7}.Release|x64.ActiveCfg = Release|Any CPU
		{E1D19DB7-2D9D-4399-B917-78E4126F47D7}.Release|x64.Build.0 = Release|Any CPU
		{E1D19DB7-2D9D-4399-B917-78E4126F47D7}.Release|x86.ActiveCfg = Release|Any CPU
		{E1D19DB7-2D9D-4399-B917-78E4126F47D7}.Release|x86.Build.0 = Release|Any CPU
	EndGlobalSection
	GlobalSection(SolutionProperties) = preSolution
		HideSolutionNode = FALSE
	EndGlobalSection
	GlobalSection(NestedProjects) = preSolution
		{28EADABC-72CC-4BB6-9965-AB5C8A600FE9} = {284B0C48-6525-F3F5-CD5D-7841BD44174A}
		{87BE382D-8CFB-458C-9E44-2B988525DE6E} = {284B0C48-6525-F3F5-CD5D-7841BD44174A}
		{21AEBF46-FAA8-4434-A843-6EBC874739C7} = {284B0C48-6525-F3F5-CD5D-7841BD44174A}
		{E1D19DB7-2D9D-4399-B917-78E4126F47D7} = {284B0C48-6525-F3F5-CD5D-7841BD44174A}
	EndGlobalSection
EndGlobal
