
Microsoft Visual Studio Solution File, Format Version 12.00
# Visual Studio Version 17
VisualStudioVersion = 17.0.31903.59
MinimumVisualStudioVersion = 10.0.40219.1
Project("{FAE04EC0-301F-11D3-BF4B-00C04F79EFBC}") = "GameCore.Core", "GameCore.Core\GameCore.Core.csproj", "{9DF919E3-ADB8-4D84-82BC-0A1A23A6B0E1}"
EndProject
Project("{FAE04EC0-301F-11D3-BF4B-00C04F79EFBC}") = "GameCore.Unity", "GameCore.Unity\GameCore.Unity.csproj", "{F1865EB9-B3E2-4446-A9E4-20FEC8163C65}"
EndProject
Project("{FAE04EC0-301F-11D3-BF4B-00C04F79EFBC}") = "GameCore.Godot", "GameCore.Godot\GameCore.Godot.csproj", "{C765E79A-29F3-4B98-910B-B18385AA6678}"
EndProject
Project("{FAE04EC0-301F-11D3-BF4B-00C04F79EFBC}") = "GameCore.Tests", "GameCore.Tests\GameCore.Tests.csproj", "{34BBD246-48B6-4AD7-9E0A-7E7E4D5402D7}"
EndProject
Global
	GlobalSection(SolutionConfigurationPlatforms) = preSolution
		Debug|Any CPU = Debug|Any CPU
		Debug|x64 = Debug|x64
		Debug|x86 = Debug|x86
		Release|Any CPU = Release|Any CPU
		Release|x64 = Release|x64
		Release|x86 = Release|x86
	EndGlobalSection
	GlobalSection(ProjectConfigurationPlatforms) = postSolution
		{9DF919E3-ADB8-4D84-82BC-0A1A23A6B0E1}.Debug|Any CPU.ActiveCfg = Debug|Any CPU
		{9DF919E3-ADB8-4D84-82BC-0A1A23A6B0E1}.Debug|Any CPU.Build.0 = Debug|Any CPU
		{9DF919E3-ADB8-4D84-82BC-0A1A23A6B0E1}.Debug|x64.ActiveCfg = Debug|Any CPU
		{9DF919E3-ADB8-4D84-82BC-0A1A23A6B0E1}.Debug|x64.Build.0 = Debug|Any CPU
		{9DF919E3-ADB8-4D84-82BC-0A1A23A6B0E1}.Debug|x86.ActiveCfg = Debug|Any CPU
		{9DF919E3-ADB8-4D84-82BC-0A1A23A6B0E1}.Debug|x86.Build.0 = Debug|Any CPU
		{9DF919E3-ADB8-4D84-82BC-0A1A23A6B0E1}.Release|Any CPU.ActiveCfg = Release|Any CPU
		{9DF919E3-ADB8-4D84-82BC-0A1A23A6B0E1}.Release|Any CPU.Build.0 = Release|Any CPU
		{9DF919E3-ADB8-4D84-82BC-0A1A23A6B0E1}.Release|x64.ActiveCfg = Release|Any CPU
		{9DF919E3-ADB8-4D84-82BC-0A1A23A6B0E1}.Release|x64.Build.0 = Release|Any CPU
		{9DF919E3-ADB8-4D84-82BC-0A1A23A6B0E1}.Release|x86.ActiveCfg = Release|Any CPU
		{9DF919E3-ADB8-4D84-82BC-0A1A23A6B0E1}.Release|x86.Build.0 = Release|Any CPU
		{F1865EB9-B3E2-4446-A9E4-20FEC8163C65}.Debug|Any CPU.ActiveCfg = Debug|Any CPU
		{F1865EB9-B3E2-4446-A9E4-20FEC8163C65}.Debug|Any CPU.Build.0 = Debug|Any CPU
		{F1865EB9-B3E2-4446-A9E4-20FEC8163C65}.Debug|x64.ActiveCfg = Debug|Any CPU
		{F1865EB9-B3E2-4446-A9E4-20FEC8163C65}.Debug|x64.Build.0 = Debug|Any CPU
		{F1865EB9-B3E2-4446-A9E4-20FEC8163C65}.Debug|x86.ActiveCfg = Debug|Any CPU
		{F1865EB9-B3E2-4446-A9E4-20FEC8163C65}.Debug|x86.Build.0 = Debug|Any CPU
		{F1865EB9-B3E2-4446-A9E4-20FEC8163C65}.Release|Any CPU.ActiveCfg = Release|Any CPU
		{F1865EB9-B3E2-4446-A9E4-20FEC8163C65}.Release|Any CPU.Build.0 = Release|Any CPU
		{F1865EB9-B3E2-4446-A9E4-20FEC8163C65}.Release|x64.ActiveCfg = Release|Any CPU
		{F1865EB9-B3E2-4446-A9E4-20FEC8163C65}.Release|x64.Build.0 = Release|Any CPU
		{F1865EB9-B3E2-4446-A9E4-20FEC8163C65}.Release|x86.ActiveCfg = Release|Any CPU
		{F1865EB9-B3E2-4446-A9E4-20FEC8163C65}.Release|x86.Build.0 = Release|Any CPU
		{C765E79A-29F3-4B98-910B-B18385AA6678}.Debug|Any CPU.ActiveCfg = Debug|Any CPU
		{C765E79A-29F3-4B98-910B-B18385AA6678}.Debug|Any CPU.Build.0 = Debug|Any CPU
		{C765E79A-29F3-4B98-910B-B18385AA6678}.Debug|x64.ActiveCfg = Debug|Any CPU
		{C765E79A-29F3-4B98-910B-B18385AA6678}.Debug|x64.Build.0 = Debug|Any CPU
		{C765E79A-29F3-4B98-910B-B18385AA6678}.Debug|x86.ActiveCfg = Debug|Any CPU
		{C765E79A-29F3-4B98-910B-B18385AA6678}.Debug|x86.Build.0 = Debug|Any CPU
		{C765E79A-29F3-4B98-910B-B18385AA6678}.Release|Any CPU.ActiveCfg = Release|Any CPU
		{C765E79A-29F3-4B98-910B-B18385AA6678}.Release|Any CPU.Build.0 = Release|Any CPU
		{C765E79A-29F3-4B98-910B-B18385AA6678}.Release|x64.ActiveCfg = Release|Any CPU
		{C765E79A-29F3-4B98-910B-B18385AA6678}.Release|x64.Build.0 = Release|Any CPU
		{C765E79A-29F3-4B98-910B-B18385AA6678}.Release|x86.ActiveCfg = Release|Any CPU
		{C765E79A-29F3-4B98-910B-B18385AA6678}.Release|x86.Build.0 = Release|Any CPU
		{34BBD246-48B6-4AD7-9E0A-7E7E4D5402D7}.Debug|Any CPU.ActiveCfg = Debug|Any CPU
		{34BBD246-48B6-4AD7-9E0A-7E7E4D5402D7}.Debug|Any CPU.Build.0 = Debug|Any CPU
		{34BBD246-48B6-4AD7-9E0A-7E7E4D5402D7}.Debug|x64.ActiveCfg = Debug|Any CPU
		{34BBD246-48B6-4AD7-9E0A-7E7E4D5402D7}.Debug|x64.Build.0 = Debug|Any CPU
		{34BBD246-48B6-4AD7-9E0A-7E7E4D5402D7}.Debug|x86.ActiveCfg = Debug|Any CPU
		{34BBD246-48B6-4AD7-9E0A-7E7E4D5402D7}.Debug|x86.Build.0 = Debug|Any CPU
		{34BBD246-48B6-4AD7-9E0A-7E7E4D5402D7}.Release|Any CPU.ActiveCfg = Release|Any CPU
		{34BBD246-48B6-4AD7-9E0A-7E7E4D5402D7}.Release|Any CPU.Build.0 = Release|Any CPU
		{34BBD246-48B6-4AD7-9E0A-7E7E4D5402D7}.Release|x64.ActiveCfg = Release|Any CPU
		{34BBD246-48B6-4AD7-9E0A-7E7E4D5402D7}.Release|x64.Build.0 = Release|Any CPU
		{34BBD246-48B6-4AD7-9E0A-7E7E4D5402D7}.Release|x86.ActiveCfg = Release|Any CPU
		{34BBD246-48B6-4AD7-9E0A-7E7E4D5402D7}.Release|x86.Build.0 = Release|Any CPU
	EndGlobalSection
	GlobalSection(SolutionProperties) = preSolution
		HideSolutionNode = FALSE
	EndGlobalSection
EndGlobal
